
Microsoft Visual Studio Solution File, Format Version 12.00
# Visual Studio Version 16
VisualStudioVersion = 16.0.29215.179
MinimumVisualStudioVersion = 10.0.40219.1
Project("{FAE04EC0-301F-11D3-BF4B-00C04F79EFBC}") = "HelloWorldProject", "HelloWorldProject\HelloWorldProject.csproj", "{9D88B0D6-CD60-4505-9EA2-CA5BFC1382B3}"
EndProject
Global
	GlobalSection(SolutionConfigurationPlatforms) = preSolution
		Debug|Any CPU = Debug|Any CPU
		Release|Any CPU = Release|Any CPU
	EndGlobalSection
	GlobalSection(ProjectConfigurationPlatforms) = postSolution
		{9D88B0D6-CD60-4505-9EA2-CA5BFC1382B3}.Debug|Any CPU.ActiveCfg = Debug|Any CPU
		{9D88B0D6-CD60-4505-9EA2-CA5BFC1382B3}.Debug|Any CPU.Build.0 = Debug|Any CPU
		{9D88B0D6-CD60-4505-9EA2-CA5BFC1382B3}.Release|Any CPU.ActiveCfg = Release|Any CPU
		{9D88B0D6-CD60-4505-9EA2-CA5BFC1382B3}.Release|Any CPU.Build.0 = Release|Any CPU
	EndGlobalSection
	GlobalSection(SolutionProperties) = preSolution
		HideSolutionNode = FALSE
	EndGlobalSection
	GlobalSection(ExtensibilityGlobals) = postSolution
		SolutionGuid = {EEA286BF-3B3C-42C5-B367-FCC0BDD35FC0}
	EndGlobalSection
EndGlobal
